// !$*UTF8*$!
{
	archiveVersion = 1;
	classes = {
	};
	objectVersion = 50;
	objects = {

/* Begin PBXBuildFile section */
		3886DF2F245FA53D0048D34C /* Model.xcdatamodeld in Sources */ = {isa = PBXBuildFile; fileRef = 3886DF2D245FA53D0048D34C /* Model.xcdatamodeld */; };
		3886DF31245FA6C30048D34C /* Movie+Convenience.swift in Sources */ = {isa = PBXBuildFile; fileRef = 3886DF30245FA6C30048D34C /* Movie+Convenience.swift */; };
		3886DF33245FA79C0048D34C /* File.swift in Sources */ = {isa = PBXBuildFile; fileRef = 3886DF32245FA79C0048D34C /* File.swift */; };
		46E209E52126A63600E7FF73 /* AppDelegate.swift in Sources */ = {isa = PBXBuildFile; fileRef = 46E209E42126A63600E7FF73 /* AppDelegate.swift */; };
		46E209EA2126A63600E7FF73 /* Main.storyboard in Resources */ = {isa = PBXBuildFile; fileRef = 46E209E82126A63600E7FF73 /* Main.storyboard */; };
		46E209EC2126A63700E7FF73 /* Assets.xcassets in Resources */ = {isa = PBXBuildFile; fileRef = 46E209EB2126A63700E7FF73 /* Assets.xcassets */; };
		46E209EF2126A63700E7FF73 /* LaunchScreen.storyboard in Resources */ = {isa = PBXBuildFile; fileRef = 46E209ED2126A63700E7FF73 /* LaunchScreen.storyboard */; };
		46E209FA2126A89C00E7FF73 /* MovieSearchTableViewController.swift in Sources */ = {isa = PBXBuildFile; fileRef = 46E209F92126A89C00E7FF73 /* MovieSearchTableViewController.swift */; };
		46E209FC2126A8A100E7FF73 /* MyMoviesTableViewController.swift in Sources */ = {isa = PBXBuildFile; fileRef = 46E209FB2126A8A100E7FF73 /* MyMoviesTableViewController.swift */; };
		46E20A002126A91300E7FF73 /* MovieController.swift in Sources */ = {isa = PBXBuildFile; fileRef = 46E209FF2126A91300E7FF73 /* MovieController.swift */; };
		46E20A022126A91800E7FF73 /* MovieRepresentation.swift in Sources */ = {isa = PBXBuildFile; fileRef = 46E20A012126A91800E7FF73 /* MovieRepresentation.swift */; };
/* End PBXBuildFile section */

/* Begin PBXFileReference section */
		3886DF2E245FA53D0048D34C /* Model.xcdatamodel */ = {isa = PBXFileReference; lastKnownFileType = wrapper.xcdatamodel; path = Model.xcdatamodel; sourceTree = "<group>"; };
		3886DF30245FA6C30048D34C /* Movie+Convenience.swift */ = {isa = PBXFileReference; lastKnownFileType = sourcecode.swift; path = "Movie+Convenience.swift"; sourceTree = "<group>"; };
		3886DF32245FA79C0048D34C /* File.swift */ = {isa = PBXFileReference; lastKnownFileType = sourcecode.swift; path = File.swift; sourceTree = "<group>"; };
		46E209E12126A63600E7FF73 /* MyMovies.app */ = {isa = PBXFileReference; explicitFileType = wrapper.application; includeInIndex = 0; path = MyMovies.app; sourceTree = BUILT_PRODUCTS_DIR; };
		46E209E42126A63600E7FF73 /* AppDelegate.swift */ = {isa = PBXFileReference; lastKnownFileType = sourcecode.swift; path = AppDelegate.swift; sourceTree = "<group>"; };
		46E209E92126A63600E7FF73 /* Base */ = {isa = PBXFileReference; lastKnownFileType = file.storyboard; name = Base; path = Base.lproj/Main.storyboard; sourceTree = "<group>"; };
		46E209EB2126A63700E7FF73 /* Assets.xcassets */ = {isa = PBXFileReference; lastKnownFileType = folder.assetcatalog; path = Assets.xcassets; sourceTree = "<group>"; };
		46E209EE2126A63700E7FF73 /* Base */ = {isa = PBXFileReference; lastKnownFileType = file.storyboard; name = Base; path = Base.lproj/LaunchScreen.storyboard; sourceTree = "<group>"; };
		46E209F02126A63700E7FF73 /* Info.plist */ = {isa = PBXFileReference; lastKnownFileType = text.plist.xml; path = Info.plist; sourceTree = "<group>"; };
		46E209F92126A89C00E7FF73 /* MovieSearchTableViewController.swift */ = {isa = PBXFileReference; lastKnownFileType = sourcecode.swift; path = MovieSearchTableViewController.swift; sourceTree = "<group>"; };
		46E209FB2126A8A100E7FF73 /* MyMoviesTableViewController.swift */ = {isa = PBXFileReference; lastKnownFileType = sourcecode.swift; path = MyMoviesTableViewController.swift; sourceTree = "<group>"; };
		46E209FF2126A91300E7FF73 /* MovieController.swift */ = {isa = PBXFileReference; lastKnownFileType = sourcecode.swift; path = MovieController.swift; sourceTree = "<group>"; };
		46E20A012126A91800E7FF73 /* MovieRepresentation.swift */ = {isa = PBXFileReference; lastKnownFileType = sourcecode.swift; path = MovieRepresentation.swift; sourceTree = "<group>"; };
/* End PBXFileReference section */

/* Begin PBXFrameworksBuildPhase section */
		46E209DE2126A63600E7FF73 /* Frameworks */ = {
			isa = PBXFrameworksBuildPhase;
			buildActionMask = 2147483647;
			files = (
			);
			runOnlyForDeploymentPostprocessing = 0;
		};
/* End PBXFrameworksBuildPhase section */

/* Begin PBXGroup section */
		46E209D82126A63600E7FF73 = {
			isa = PBXGroup;
			children = (
				46E209E32126A63600E7FF73 /* MyMovies */,
				46E209E22126A63600E7FF73 /* Products */,
			);
			sourceTree = "<group>";
		};
		46E209E22126A63600E7FF73 /* Products */ = {
			isa = PBXGroup;
			children = (
				46E209E12126A63600E7FF73 /* MyMovies.app */,
			);
			name = Products;
			sourceTree = "<group>";
		};
		46E209E32126A63600E7FF73 /* MyMovies */ = {
			isa = PBXGroup;
			children = (
				46E20A052126AF5900E7FF73 /* Models */,
				46E20A072126AFA300E7FF73 /* Model Controllers */,
				46E20A082126AFAC00E7FF73 /* View Controllers */,
				46E20A0A2126AFCB00E7FF73 /* Storyboards */,
				46E20A092126AFC200E7FF73 /* Resources */,
			);
			path = MyMovies;
			sourceTree = "<group>";
		};
		46E20A052126AF5900E7FF73 /* Models */ = {
			isa = PBXGroup;
			children = (
				46E20A012126A91800E7FF73 /* MovieRepresentation.swift */,
				3886DF32245FA79C0048D34C /* File.swift */,
				3886DF2D245FA53D0048D34C /* Model.xcdatamodeld */,
				3886DF30245FA6C30048D34C /* Movie+Convenience.swift */,
			);
			path = Models;
			sourceTree = "<group>";
		};
		46E20A072126AFA300E7FF73 /* Model Controllers */ = {
			isa = PBXGroup;
			children = (
				46E209FF2126A91300E7FF73 /* MovieController.swift */,
			);
			path = "Model Controllers";
			sourceTree = "<group>";
		};
		46E20A082126AFAC00E7FF73 /* View Controllers */ = {
			isa = PBXGroup;
			children = (
				46E209F92126A89C00E7FF73 /* MovieSearchTableViewController.swift */,
				46E209FB2126A8A100E7FF73 /* MyMoviesTableViewController.swift */,
			);
			path = "View Controllers";
			sourceTree = "<group>";
		};
		46E20A092126AFC200E7FF73 /* Resources */ = {
			isa = PBXGroup;
			children = (
				46E209E42126A63600E7FF73 /* AppDelegate.swift */,
				46E209EB2126A63700E7FF73 /* Assets.xcassets */,
				46E209F02126A63700E7FF73 /* Info.plist */,
			);
			path = Resources;
			sourceTree = "<group>";
		};
		46E20A0A2126AFCB00E7FF73 /* Storyboards */ = {
			isa = PBXGroup;
			children = (
				46E209E82126A63600E7FF73 /* Main.storyboard */,
				46E209ED2126A63700E7FF73 /* LaunchScreen.storyboard */,
			);
			path = Storyboards;
			sourceTree = "<group>";
		};
/* End PBXGroup section */

/* Begin PBXNativeTarget section */
		46E209E02126A63600E7FF73 /* MyMovies */ = {
			isa = PBXNativeTarget;
			buildConfigurationList = 46E209F32126A63700E7FF73 /* Build configuration list for PBXNativeTarget "MyMovies" */;
			buildPhases = (
				46E209DD2126A63600E7FF73 /* Sources */,
				46E209DE2126A63600E7FF73 /* Frameworks */,
				46E209DF2126A63600E7FF73 /* Resources */,
			);
			buildRules = (
			);
			dependencies = (
			);
			name = MyMovies;
			productName = MyMovies;
			productReference = 46E209E12126A63600E7FF73 /* MyMovies.app */;
			productType = "com.apple.product-type.application";
		};
/* End PBXNativeTarget section */

/* Begin PBXProject section */
		46E209D92126A63600E7FF73 /* Project object */ = {
			isa = PBXProject;
			attributes = {
				LastSwiftUpdateCheck = 0940;
				LastUpgradeCheck = 0940;
				ORGANIZATIONNAME = "Lambda School";
				TargetAttributes = {
					46E209E02126A63600E7FF73 = {
						CreatedOnToolsVersion = 9.4.1;
						LastSwiftMigration = 1020;
					};
				};
			};
			buildConfigurationList = 46E209DC2126A63600E7FF73 /* Build configuration list for PBXProject "MyMovies" */;
			compatibilityVersion = "Xcode 9.3";
			developmentRegion = en;
			hasScannedForEncodings = 0;
			knownRegions = (
				en,
				Base,
			);
			mainGroup = 46E209D82126A63600E7FF73;
			productRefGroup = 46E209E22126A63600E7FF73 /* Products */;
			projectDirPath = "";
			projectRoot = "";
			targets = (
				46E209E02126A63600E7FF73 /* MyMovies */,
			);
		};
/* End PBXProject section */

/* Begin PBXResourcesBuildPhase section */
		46E209DF2126A63600E7FF73 /* Resources */ = {
			isa = PBXResourcesBuildPhase;
			buildActionMask = 2147483647;
			files = (
				46E209EF2126A63700E7FF73 /* LaunchScreen.storyboard in Resources */,
				46E209EC2126A63700E7FF73 /* Assets.xcassets in Resources */,
				46E209EA2126A63600E7FF73 /* Main.storyboard in Resources */,
			);
			runOnlyForDeploymentPostprocessing = 0;
		};
/* End PBXResourcesBuildPhase section */

/* Begin PBXSourcesBuildPhase section */
		46E209DD2126A63600E7FF73 /* Sources */ = {
			isa = PBXSourcesBuildPhase;
			buildActionMask = 2147483647;
			files = (
				46E209FA2126A89C00E7FF73 /* MovieSearchTableViewController.swift in Sources */,
				46E209FC2126A8A100E7FF73 /* MyMoviesTableViewController.swift in Sources */,
				3886DF31245FA6C30048D34C /* Movie+Convenience.swift in Sources */,
				46E20A002126A91300E7FF73 /* MovieController.swift in Sources */,
				46E209E52126A63600E7FF73 /* AppDelegate.swift in Sources */,
				3886DF33245FA79C0048D34C /* File.swift in Sources */,
				46E20A022126A91800E7FF73 /* MovieRepresentation.swift in Sources */,
				3886DF2F245FA53D0048D34C /* Model.xcdatamodeld in Sources */,
			);
			runOnlyForDeploymentPostprocessing = 0;
		};
/* End PBXSourcesBuildPhase section */

/* Begin PBXVariantGroup section */
		46E209E82126A63600E7FF73 /* Main.storyboard */ = {
			isa = PBXVariantGroup;
			children = (
				46E209E92126A63600E7FF73 /* Base */,
			);
			name = Main.storyboard;
			sourceTree = "<group>";
		};
		46E209ED2126A63700E7FF73 /* LaunchScreen.storyboard */ = {
			isa = PBXVariantGroup;
			children = (
				46E209EE2126A63700E7FF73 /* Base */,
			);
			name = LaunchScreen.storyboard;
			sourceTree = "<group>";
		};
/* End PBXVariantGroup section */

/* Begin XCBuildConfiguration section */
		46E209F12126A63700E7FF73 /* Debug */ = {
			isa = XCBuildConfiguration;
			buildSettings = {
				ALWAYS_SEARCH_USER_PATHS = NO;
				CLANG_ANALYZER_NONNULL = YES;
				CLANG_ANALYZER_NUMBER_OBJECT_CONVERSION = YES_AGGRESSIVE;
				CLANG_CXX_LANGUAGE_STANDARD = "gnu++14";
				CLANG_CXX_LIBRARY = "libc++";
				CLANG_ENABLE_MODULES = YES;
				CLANG_ENABLE_OBJC_ARC = YES;
				CLANG_ENABLE_OBJC_WEAK = YES;
				CLANG_WARN_BLOCK_CAPTURE_AUTORELEASING = YES;
				CLANG_WARN_BOOL_CONVERSION = YES;
				CLANG_WARN_COMMA = YES;
				CLANG_WARN_CONSTANT_CONVERSION = YES;
				CLANG_WARN_DEPRECATED_OBJC_IMPLEMENTATIONS = YES;
				CLANG_WARN_DIRECT_OBJC_ISA_USAGE = YES_ERROR;
				CLANG_WARN_DOCUMENTATION_COMMENTS = YES;
				CLANG_WARN_EMPTY_BODY = YES;
				CLANG_WARN_ENUM_CONVERSION = YES;
				CLANG_WARN_INFINITE_RECURSION = YES;
				CLANG_WARN_INT_CONVERSION = YES;
				CLANG_WARN_NON_LITERAL_NULL_CONVERSION = YES;
				CLANG_WARN_OBJC_IMPLICIT_RETAIN_SELF = YES;
				CLANG_WARN_OBJC_LITERAL_CONVERSION = YES;
				CLANG_WARN_OBJC_ROOT_CLASS = YES_ERROR;
				CLANG_WARN_RANGE_LOOP_ANALYSIS = YES;
				CLANG_WARN_STRICT_PROTOTYPES = YES;
				CLANG_WARN_SUSPICIOUS_MOVE = YES;
				CLANG_WARN_UNGUARDED_AVAILABILITY = YES_AGGRESSIVE;
				CLANG_WARN_UNREACHABLE_CODE = YES;
				CLANG_WARN__DUPLICATE_METHOD_MATCH = YES;
				CODE_SIGN_IDENTITY = "iPhone Developer";
				COPY_PHASE_STRIP = NO;
				DEBUG_INFORMATION_FORMAT = dwarf;
				ENABLE_STRICT_OBJC_MSGSEND = YES;
				ENABLE_TESTABILITY = YES;
				GCC_C_LANGUAGE_STANDARD = gnu11;
				GCC_DYNAMIC_NO_PIC = NO;
				GCC_NO_COMMON_BLOCKS = YES;
				GCC_OPTIMIZATION_LEVEL = 0;
				GCC_PREPROCESSOR_DEFINITIONS = (
					"DEBUG=1",
					"$(inherited)",
				);
				GCC_WARN_64_TO_32_BIT_CONVERSION = YES;
				GCC_WARN_ABOUT_RETURN_TYPE = YES_ERROR;
				GCC_WARN_UNDECLARED_SELECTOR = YES;
				GCC_WARN_UNINITIALIZED_AUTOS = YES_AGGRESSIVE;
				GCC_WARN_UNUSED_FUNCTION = YES;
				GCC_WARN_UNUSED_VARIABLE = YES;
				IPHONEOS_DEPLOYMENT_TARGET = 11.4;
				MTL_ENABLE_DEBUG_INFO = YES;
				ONLY_ACTIVE_ARCH = YES;
				SDKROOT = iphoneos;
				SWIFT_ACTIVE_COMPILATION_CONDITIONS = DEBUG;
				SWIFT_OPTIMIZATION_LEVEL = "-Onone";
			};
			name = Debug;
		};
		46E209F22126A63700E7FF73 /* Release */ = {
			isa = XCBuildConfiguration;
			buildSettings = {
				ALWAYS_SEARCH_USER_PATHS = NO;
				CLANG_ANALYZER_NONNULL = YES;
				CLANG_ANALYZER_NUMBER_OBJECT_CONVERSION = YES_AGGRESSIVE;
				CLANG_CXX_LANGUAGE_STANDARD = "gnu++14";
				CLANG_CXX_LIBRARY = "libc++";
				CLANG_ENABLE_MODULES = YES;
				CLANG_ENABLE_OBJC_ARC = YES;
				CLANG_ENABLE_OBJC_WEAK = YES;
				CLANG_WARN_BLOCK_CAPTURE_AUTORELEASING = YES;
				CLANG_WARN_BOOL_CONVERSION = YES;
				CLANG_WARN_COMMA = YES;
				CLANG_WARN_CONSTANT_CONVERSION = YES;
				CLANG_WARN_DEPRECATED_OBJC_IMPLEMENTATIONS = YES;
				CLANG_WARN_DIRECT_OBJC_ISA_USAGE = YES_ERROR;
				CLANG_WARN_DOCUMENTATION_COMMENTS = YES;
				CLANG_WARN_EMPTY_BODY = YES;
				CLANG_WARN_ENUM_CONVERSION = YES;
				CLANG_WARN_INFINITE_RECURSION = YES;
				CLANG_WARN_INT_CONVERSION = YES;
				CLANG_WARN_NON_LITERAL_NULL_CONVERSION = YES;
				CLANG_WARN_OBJC_IMPLICIT_RETAIN_SELF = YES;
				CLANG_WARN_OBJC_LITERAL_CONVERSION = YES;
				CLANG_WARN_OBJC_ROOT_CLASS = YES_ERROR;
				CLANG_WARN_RANGE_LOOP_ANALYSIS = YES;
				CLANG_WARN_STRICT_PROTOTYPES = YES;
				CLANG_WARN_SUSPICIOUS_MOVE = YES;
				CLANG_WARN_UNGUARDED_AVAILABILITY = YES_AGGRESSIVE;
				CLANG_WARN_UNREACHABLE_CODE = YES;
				CLANG_WARN__DUPLICATE_METHOD_MATCH = YES;
				CODE_SIGN_IDENTITY = "iPhone Developer";
				COPY_PHASE_STRIP = NO;
				DEBUG_INFORMATION_FORMAT = "dwarf-with-dsym";
				ENABLE_NS_ASSERTIONS = NO;
				ENABLE_STRICT_OBJC_MSGSEND = YES;
				GCC_C_LANGUAGE_STANDARD = gnu11;
				GCC_NO_COMMON_BLOCKS = YES;
				GCC_WARN_64_TO_32_BIT_CONVERSION = YES;
				GCC_WARN_ABOUT_RETURN_TYPE = YES_ERROR;
				GCC_WARN_UNDECLARED_SELECTOR = YES;
				GCC_WARN_UNINITIALIZED_AUTOS = YES_AGGRESSIVE;
				GCC_WARN_UNUSED_FUNCTION = YES;
				GCC_WARN_UNUSED_VARIABLE = YES;
				IPHONEOS_DEPLOYMENT_TARGET = 11.4;
				MTL_ENABLE_DEBUG_INFO = NO;
				SDKROOT = iphoneos;
				SWIFT_COMPILATION_MODE = wholemodule;
				SWIFT_OPTIMIZATION_LEVEL = "-O";
				VALIDATE_PRODUCT = YES;
			};
			name = Release;
		};
		46E209F42126A63700E7FF73 /* Debug */ = {
			isa = XCBuildConfiguration;
			buildSettings = {
				ASSETCATALOG_COMPILER_APPICON_NAME = AppIcon;
				CODE_SIGN_STYLE = Automatic;
				DEVELOPMENT_TEAM = VXUQXR6S56;
				INFOPLIST_FILE = "$(SRCROOT)/MyMovies/Resources/Info.plist";
				LD_RUNPATH_SEARCH_PATHS = (
					"$(inherited)",
					"@executable_path/Frameworks",
				);
				PRODUCT_BUNDLE_IDENTIFIER = com.LambdaSchool.MyMovies;
				PRODUCT_NAME = "$(TARGET_NAME)";
				SWIFT_VERSION = 5.0;
				TARGETED_DEVICE_FAMILY = "1,2";
			};
			name = Debug;
		};
		46E209F52126A63700E7FF73 /* Release */ = {
			isa = XCBuildConfiguration;
			buildSettings = {
				ASSETCATALOG_COMPILER_APPICON_NAME = AppIcon;
				CODE_SIGN_STYLE = Automatic;
				DEVELOPMENT_TEAM = VXUQXR6S56;
				INFOPLIST_FILE = "$(SRCROOT)/MyMovies/Resources/Info.plist";
				LD_RUNPATH_SEARCH_PATHS = (
					"$(inherited)",
					"@executable_path/Frameworks",
				);
				PRODUCT_BUNDLE_IDENTIFIER = com.LambdaSchool.MyMovies;
				PRODUCT_NAME = "$(TARGET_NAME)";
				SWIFT_VERSION = 5.0;
				TARGETED_DEVICE_FAMILY = "1,2";
			};
			name = Release;
		};
/* End XCBuildConfiguration section */

/* Begin XCConfigurationList section */
		46E209DC2126A63600E7FF73 /* Build configuration list for PBXProject "MyMovies" */ = {
			isa = XCConfigurationList;
			buildConfigurations = (
				46E209F12126A63700E7FF73 /* Debug */,
				46E209F22126A63700E7FF73 /* Release */,
			);
			defaultConfigurationIsVisible = 0;
			defaultConfigurationName = Release;
		};
		46E209F32126A63700E7FF73 /* Build configuration list for PBXNativeTarget "MyMovies" */ = {
			isa = XCConfigurationList;
			buildConfigurations = (
				46E209F42126A63700E7FF73 /* Debug */,
				46E209F52126A63700E7FF73 /* Release */,
			);
			defaultConfigurationIsVisible = 0;
			defaultConfigurationName = Release;
		};
/* End XCConfigurationList section */

/* Begin XCVersionGroup section */
		3886DF2D245FA53D0048D34C /* Model.xcdatamodeld */ = {
			isa = XCVersionGroup;
			children = (
				3886DF2E245FA53D0048D34C /* Model.xcdatamodel */,
			);
			currentVersion = 3886DF2E245FA53D0048D34C /* Model.xcdatamodel */;
			path = Model.xcdatamodeld;
			sourceTree = "<group>";
			versionGroupType = wrapper.xcdatamodel;
		};
/* End XCVersionGroup section */
	};
	rootObject = 46E209D92126A63600E7FF73 /* Project object */;
}
